// !$*UTF8*$!
{
	archiveVersion = 1;
	classes = {
	};
	objectVersion = 56;
	objects = {

/* Begin PBXBuildFile section */
		1C90D37C297EC49D00112BBC /* RealtimeSpeedmeterApp.swift in Sources */ = {isa = PBXBuildFile; fileRef = 1C90D37B297EC49D00112BBC /* RealtimeSpeedmeterApp.swift */; };
		1C90D37E297EC49D00112BBC /* SpeedmeterView.swift in Sources */ = {isa = PBXBuildFile; fileRef = 1C90D37D297EC49D00112BBC /* SpeedmeterView.swift */; };
		1C90D380297EC49E00112BBC /* Assets.xcassets in Resources */ = {isa = PBXBuildFile; fileRef = 1C90D37F297EC49E00112BBC /* Assets.xcassets */; };
		1C90D383297EC49E00112BBC /* Preview Assets.xcassets in Resources */ = {isa = PBXBuildFile; fileRef = 1C90D382297EC49E00112BBC /* Preview Assets.xcassets */; };
		1C90D38A297ED31300112BBC /* SpeedmeterPresenter.swift in Sources */ = {isa = PBXBuildFile; fileRef = 1C90D389297ED31300112BBC /* SpeedmeterPresenter.swift */; };
		1C90D38C297ED4CA00112BBC /* AccelerationSensor.swift in Sources */ = {isa = PBXBuildFile; fileRef = 1C90D38B297ED4CA00112BBC /* AccelerationSensor.swift */; };
		1C90D38E297EE7C100112BBC /* SpeedCalculator.swift in Sources */ = {isa = PBXBuildFile; fileRef = 1C90D38D297EE7C100112BBC /* SpeedCalculator.swift */; };
/* End PBXBuildFile section */

/* Begin PBXFileReference section */
		1C90D378297EC49D00112BBC /* RealtimeSpeedmeter.app */ = {isa = PBXFileReference; explicitFileType = wrapper.application; includeInIndex = 0; path = RealtimeSpeedmeter.app; sourceTree = BUILT_PRODUCTS_DIR; };
		1C90D37B297EC49D00112BBC /* RealtimeSpeedmeterApp.swift */ = {isa = PBXFileReference; lastKnownFileType = sourcecode.swift; path = RealtimeSpeedmeterApp.swift; sourceTree = "<group>"; };
		1C90D37D297EC49D00112BBC /* SpeedmeterView.swift */ = {isa = PBXFileReference; lastKnownFileType = sourcecode.swift; path = SpeedmeterView.swift; sourceTree = "<group>"; };
		1C90D37F297EC49E00112BBC /* Assets.xcassets */ = {isa = PBXFileReference; lastKnownFileType = folder.assetcatalog; path = Assets.xcassets; sourceTree = "<group>"; };
		1C90D382297EC49E00112BBC /* Preview Assets.xcassets */ = {isa = PBXFileReference; lastKnownFileType = folder.assetcatalog; path = "Preview Assets.xcassets"; sourceTree = "<group>"; };
		1C90D389297ED31300112BBC /* SpeedmeterPresenter.swift */ = {isa = PBXFileReference; lastKnownFileType = sourcecode.swift; path = SpeedmeterPresenter.swift; sourceTree = "<group>"; };
		1C90D38B297ED4CA00112BBC /* AccelerationSensor.swift */ = {isa = PBXFileReference; lastKnownFileType = sourcecode.swift; path = AccelerationSensor.swift; sourceTree = "<group>"; };
		1C90D38D297EE7C100112BBC /* SpeedCalculator.swift */ = {isa = PBXFileReference; lastKnownFileType = sourcecode.swift; path = SpeedCalculator.swift; sourceTree = "<group>"; };
/* End PBXFileReference section */

/* Begin PBXFrameworksBuildPhase section */
		1C90D375297EC49D00112BBC /* Frameworks */ = {
			isa = PBXFrameworksBuildPhase;
			buildActionMask = 2147483647;
			files = (
			);
			runOnlyForDeploymentPostprocessing = 0;
		};
/* End PBXFrameworksBuildPhase section */

/* Begin PBXGroup section */
		1C90D36F297EC49C00112BBC = {
			isa = PBXGroup;
			children = (
				1C90D37A297EC49D00112BBC /* RealtimeSpeedmeter */,
				1C90D379297EC49D00112BBC /* Products */,
			);
			sourceTree = "<group>";
		};
		1C90D379297EC49D00112BBC /* Products */ = {
			isa = PBXGroup;
			children = (
				1C90D378297EC49D00112BBC /* RealtimeSpeedmeter.app */,
			);
			name = Products;
			sourceTree = "<group>";
		};
		1C90D37A297EC49D00112BBC /* RealtimeSpeedmeter */ = {
			isa = PBXGroup;
			children = (
				1C90D38B297ED4CA00112BBC /* AccelerationSensor.swift */,
				1C90D37B297EC49D00112BBC /* RealtimeSpeedmeterApp.swift */,
				1C90D38D297EE7C100112BBC /* SpeedCalculator.swift */,
				1C90D389297ED31300112BBC /* SpeedmeterPresenter.swift */,
				1C90D37D297EC49D00112BBC /* SpeedmeterView.swift */,
				1C90D37F297EC49E00112BBC /* Assets.xcassets */,
				1C90D381297EC49E00112BBC /* Preview Content */,
			);
			path = RealtimeSpeedmeter;
			sourceTree = "<group>";
		};
		1C90D381297EC49E00112BBC /* Preview Content */ = {
			isa = PBXGroup;
			children = (
				1C90D382297EC49E00112BBC /* Preview Assets.xcassets */,
			);
			path = "Preview Content";
			sourceTree = "<group>";
		};
/* End PBXGroup section */

/* Begin PBXNativeTarget section */
		1C90D377297EC49D00112BBC /* RealtimeSpeedmeter */ = {
			isa = PBXNativeTarget;
			buildConfigurationList = 1C90D386297EC49E00112BBC /* Build configuration list for PBXNativeTarget "RealtimeSpeedmeter" */;
			buildPhases = (
				1C90D374297EC49D00112BBC /* Sources */,
				1C90D375297EC49D00112BBC /* Frameworks */,
				1C90D376297EC49D00112BBC /* Resources */,
			);
			buildRules = (
			);
			dependencies = (
			);
			name = RealtimeSpeedmeter;
			productName = RealtimeSpeedmeter;
			productReference = 1C90D378297EC49D00112BBC /* RealtimeSpeedmeter.app */;
			productType = "com.apple.product-type.application";
		};
/* End PBXNativeTarget section */

/* Begin PBXProject section */
		1C90D370297EC49D00112BBC /* Project object */ = {
			isa = PBXProject;
			attributes = {
				BuildIndependentTargetsInParallel = 1;
				LastSwiftUpdateCheck = 1420;
				LastUpgradeCheck = 1420;
				TargetAttributes = {
					1C90D377297EC49D00112BBC = {
						CreatedOnToolsVersion = 14.2;
					};
				};
			};
			buildConfigurationList = 1C90D373297EC49D00112BBC /* Build configuration list for PBXProject "RealtimeSpeedmeter" */;
			compatibilityVersion = "Xcode 14.0";
			developmentRegion = en;
			hasScannedForEncodings = 0;
			knownRegions = (
				en,
				Base,
			);
			mainGroup = 1C90D36F297EC49C00112BBC;
			productRefGroup = 1C90D379297EC49D00112BBC /* Products */;
			projectDirPath = "";
			projectRoot = "";
			targets = (
				1C90D377297EC49D00112BBC /* RealtimeSpeedmeter */,
			);
		};
/* End PBXProject section */

/* Begin PBXResourcesBuildPhase section */
		1C90D376297EC49D00112BBC /* Resources */ = {
			isa = PBXResourcesBuildPhase;
			buildActionMask = 2147483647;
			files = (
				1C90D383297EC49E00112BBC /* Preview Assets.xcassets in Resources */,
				1C90D380297EC49E00112BBC /* Assets.xcassets in Resources */,
			);
			runOnlyForDeploymentPostprocessing = 0;
		};
/* End PBXResourcesBuildPhase section */

/* Begin PBXSourcesBuildPhase section */
		1C90D374297EC49D00112BBC /* Sources */ = {
			isa = PBXSourcesBuildPhase;
			buildActionMask = 2147483647;
			files = (
				1C90D37E297EC49D00112BBC /* SpeedmeterView.swift in Sources */,
				1C90D38E297EE7C100112BBC /* SpeedCalculator.swift in Sources */,
				1C90D38A297ED31300112BBC /* SpeedmeterPresenter.swift in Sources */,
				1C90D37C297EC49D00112BBC /* RealtimeSpeedmeterApp.swift in Sources */,
				1C90D38C297ED4CA00112BBC /* AccelerationSensor.swift in Sources */,
			);
			runOnlyForDeploymentPostprocessing = 0;
		};
/* End PBXSourcesBuildPhase section */

/* Begin XCBuildConfiguration section */
		1C90D384297EC49E00112BBC /* Debug */ = {
			isa = XCBuildConfiguration;
			buildSettings = {
				ALWAYS_SEARCH_USER_PATHS = NO;
				CLANG_ANALYZER_NONNULL = YES;
				CLANG_ANALYZER_NUMBER_OBJECT_CONVERSION = YES_AGGRESSIVE;
				CLANG_CXX_LANGUAGE_STANDARD = "gnu++20";
				CLANG_ENABLE_MODULES = YES;
				CLANG_ENABLE_OBJC_ARC = YES;
				CLANG_ENABLE_OBJC_WEAK = YES;
				CLANG_WARN_BLOCK_CAPTURE_AUTORELEASING = YES;
				CLANG_WARN_BOOL_CONVERSION = YES;
				CLANG_WARN_COMMA = YES;
				CLANG_WARN_CONSTANT_CONVERSION = YES;
				CLANG_WARN_DEPRECATED_OBJC_IMPLEMENTATIONS = YES;
				CLANG_WARN_DIRECT_OBJC_ISA_USAGE = YES_ERROR;
				CLANG_WARN_DOCUMENTATION_COMMENTS = YES;
				CLANG_WARN_EMPTY_BODY = YES;
				CLANG_WARN_ENUM_CONVERSION = YES;
				CLANG_WARN_INFINITE_RECURSION = YES;
				CLANG_WARN_INT_CONVERSION = YES;
				CLANG_WARN_NON_LITERAL_NULL_CONVERSION = YES;
				CLANG_WARN_OBJC_IMPLICIT_RETAIN_SELF = YES;
				CLANG_WARN_OBJC_LITERAL_CONVERSION = YES;
				CLANG_WARN_OBJC_ROOT_CLASS = YES_ERROR;
				CLANG_WARN_QUOTED_INCLUDE_IN_FRAMEWORK_HEADER = YES;
				CLANG_WARN_RANGE_LOOP_ANALYSIS = YES;
				CLANG_WARN_STRICT_PROTOTYPES = YES;
				CLANG_WARN_SUSPICIOUS_MOVE = YES;
				CLANG_WARN_UNGUARDED_AVAILABILITY = YES_AGGRESSIVE;
				CLANG_WARN_UNREACHABLE_CODE = YES;
				CLANG_WARN__DUPLICATE_METHOD_MATCH = YES;
				COPY_PHASE_STRIP = NO;
				DEBUG_INFORMATION_FORMAT = dwarf;
				ENABLE_STRICT_OBJC_MSGSEND = YES;
				ENABLE_TESTABILITY = YES;
				GCC_C_LANGUAGE_STANDARD = gnu11;
				GCC_DYNAMIC_NO_PIC = NO;
				GCC_NO_COMMON_BLOCKS = YES;
				GCC_OPTIMIZATION_LEVEL = 0;
				GCC_PREPROCESSOR_DEFINITIONS = (
					"DEBUG=1",
					"$(inherited)",
				);
				GCC_WARN_64_TO_32_BIT_CONVERSION = YES;
				GCC_WARN_ABOUT_RETURN_TYPE = YES_ERROR;
				GCC_WARN_UNDECLARED_SELECTOR = YES;
				GCC_WARN_UNINITIALIZED_AUTOS = YES_AGGRESSIVE;
				GCC_WARN_UNUSED_FUNCTION = YES;
				GCC_WARN_UNUSED_VARIABLE = YES;
				IPHONEOS_DEPLOYMENT_TARGET = 16.2;
				MTL_ENABLE_DEBUG_INFO = INCLUDE_SOURCE;
				MTL_FAST_MATH = YES;
				ONLY_ACTIVE_ARCH = YES;
				SDKROOT = iphoneos;
				SWIFT_ACTIVE_COMPILATION_CONDITIONS = DEBUG;
				SWIFT_OPTIMIZATION_LEVEL = "-Onone";
			};
			name = Debug;
		};
		1C90D385297EC49E00112BBC /* Release */ = {
			isa = XCBuildConfiguration;
			buildSettings = {
				ALWAYS_SEARCH_USER_PATHS = NO;
				CLANG_ANALYZER_NONNULL = YES;
				CLANG_ANALYZER_NUMBER_OBJECT_CONVERSION = YES_AGGRESSIVE;
				CLANG_CXX_LANGUAGE_STANDARD = "gnu++20";
				CLANG_ENABLE_MODULES = YES;
				CLANG_ENABLE_OBJC_ARC = YES;
				CLANG_ENABLE_OBJC_WEAK = YES;
				CLANG_WARN_BLOCK_CAPTURE_AUTORELEASING = YES;
				CLANG_WARN_BOOL_CONVERSION = YES;
				CLANG_WARN_COMMA = YES;
				CLANG_WARN_CONSTANT_CONVERSION = YES;
				CLANG_WARN_DEPRECATED_OBJC_IMPLEMENTATIONS = YES;
				CLANG_WARN_DIRECT_OBJC_ISA_USAGE = YES_ERROR;
				CLANG_WARN_DOCUMENTATION_COMMENTS = YES;
				CLANG_WARN_EMPTY_BODY = YES;
				CLANG_WARN_ENUM_CONVERSION = YES;
				CLANG_WARN_INFINITE_RECURSION = YES;
				CLANG_WARN_INT_CONVERSION = YES;
				CLANG_WARN_NON_LITERAL_NULL_CONVERSION = YES;
				CLANG_WARN_OBJC_IMPLICIT_RETAIN_SELF = YES;
				CLANG_WARN_OBJC_LITERAL_CONVERSION = YES;
				CLANG_WARN_OBJC_ROOT_CLASS = YES_ERROR;
				CLANG_WARN_QUOTED_INCLUDE_IN_FRAMEWORK_HEADER = YES;
				CLANG_WARN_RANGE_LOOP_ANALYSIS = YES;
				CLANG_WARN_STRICT_PROTOTYPES = YES;
				CLANG_WARN_SUSPICIOUS_MOVE = YES;
				CLANG_WARN_UNGUARDED_AVAILABILITY = YES_AGGRESSIVE;
				CLANG_WARN_UNREACHABLE_CODE = YES;
				CLANG_WARN__DUPLICATE_METHOD_MATCH = YES;
				COPY_PHASE_STRIP = NO;
				DEBUG_INFORMATION_FORMAT = "dwarf-with-dsym";
				ENABLE_NS_ASSERTIONS = NO;
				ENABLE_STRICT_OBJC_MSGSEND = YES;
				GCC_C_LANGUAGE_STANDARD = gnu11;
				GCC_NO_COMMON_BLOCKS = YES;
				GCC_WARN_64_TO_32_BIT_CONVERSION = YES;
				GCC_WARN_ABOUT_RETURN_TYPE = YES_ERROR;
				GCC_WARN_UNDECLARED_SELECTOR = YES;
				GCC_WARN_UNINITIALIZED_AUTOS = YES_AGGRESSIVE;
				GCC_WARN_UNUSED_FUNCTION = YES;
				GCC_WARN_UNUSED_VARIABLE = YES;
				IPHONEOS_DEPLOYMENT_TARGET = 16.2;
				MTL_ENABLE_DEBUG_INFO = NO;
				MTL_FAST_MATH = YES;
				SDKROOT = iphoneos;
				SWIFT_COMPILATION_MODE = wholemodule;
				SWIFT_OPTIMIZATION_LEVEL = "-O";
				VALIDATE_PRODUCT = YES;
			};
			name = Release;
		};
		1C90D387297EC49E00112BBC /* Debug */ = {
			isa = XCBuildConfiguration;
			buildSettings = {
				ASSETCATALOG_COMPILER_APPICON_NAME = AppIcon;
				ASSETCATALOG_COMPILER_GLOBAL_ACCENT_COLOR_NAME = AccentColor;
				"CODE_SIGN_IDENTITY[sdk=iphoneos*]" = "iPhone Developer";
				CODE_SIGN_STYLE = Manual;
				CURRENT_PROJECT_VERSION = 1;
				DEVELOPMENT_ASSET_PATHS = "\"RealtimeSpeedmeter/Preview Content\"";
				DEVELOPMENT_TEAM = "";
				"DEVELOPMENT_TEAM[sdk=iphoneos*]" = W9QV9753NK;
				ENABLE_PREVIEWS = YES;
				GENERATE_INFOPLIST_FILE = YES;
				INFOPLIST_KEY_UIApplicationSceneManifest_Generation = YES;
				INFOPLIST_KEY_UIApplicationSupportsIndirectInputEvents = YES;
				INFOPLIST_KEY_UILaunchScreen_Generation = YES;
				INFOPLIST_KEY_UISupportedInterfaceOrientations_iPad = "UIInterfaceOrientationPortrait UIInterfaceOrientationPortraitUpsideDown UIInterfaceOrientationLandscapeLeft UIInterfaceOrientationLandscapeRight";
				INFOPLIST_KEY_UISupportedInterfaceOrientations_iPhone = "UIInterfaceOrientationPortrait UIInterfaceOrientationLandscapeLeft UIInterfaceOrientationLandscapeRight";
				LD_RUNPATH_SEARCH_PATHS = (
					"$(inherited)",
					"@executable_path/Frameworks",
				);
				MARKETING_VERSION = 1.0;
				PRODUCT_BUNDLE_IDENTIFIER = "com.std-leaf.RealtimeSpeedmeter";
				PRODUCT_NAME = "$(TARGET_NAME)";
				PROVISIONING_PROFILE_SPECIFIER = "";
				"PROVISIONING_PROFILE_SPECIFIER[sdk=iphoneos*]" = "RealtimeSpeedmeter Dev";
				SWIFT_EMIT_LOC_STRINGS = YES;
				SWIFT_VERSION = 5.0;
				TARGETED_DEVICE_FAMILY = "1,2";
			};
			name = Debug;
		};
		1C90D388297EC49E00112BBC /* Release */ = {
			isa = XCBuildConfiguration;
			buildSettings = {
				ASSETCATALOG_COMPILER_APPICON_NAME = AppIcon;
				ASSETCATALOG_COMPILER_GLOBAL_ACCENT_COLOR_NAME = AccentColor;
				CODE_SIGN_STYLE = Manual;
				CURRENT_PROJECT_VERSION = 1;
				DEVELOPMENT_ASSET_PATHS = "\"RealtimeSpeedmeter/Preview Content\"";
				DEVELOPMENT_TEAM = "";
				ENABLE_PREVIEWS = YES;
				GENERATE_INFOPLIST_FILE = YES;
				INFOPLIST_KEY_UIApplicationSceneManifest_Generation = YES;
				INFOPLIST_KEY_UIApplicationSupportsIndirectInputEvents = YES;
				INFOPLIST_KEY_UILaunchScreen_Generation = YES;
				INFOPLIST_KEY_UISupportedInterfaceOrientations_iPad = "UIInterfaceOrientationPortrait UIInterfaceOrientationPortraitUpsideDown UIInterfaceOrientationLandscapeLeft UIInterfaceOrientationLandscapeRight";
				INFOPLIST_KEY_UISupportedInterfaceOrientations_iPhone = "UIInterfaceOrientationPortrait UIInterfaceOrientationLandscapeLeft UIInterfaceOrientationLandscapeRight";
				LD_RUNPATH_SEARCH_PATHS = (
					"$(inherited)",
					"@executable_path/Frameworks",
				);
				MARKETING_VERSION = 1.0;
				PRODUCT_BUNDLE_IDENTIFIER = "com.std-leaf.RealtimeSpeedmeter";
				PRODUCT_NAME = "$(TARGET_NAME)";
				PROVISIONING_PROFILE_SPECIFIER = "";
				SWIFT_EMIT_LOC_STRINGS = YES;
				SWIFT_VERSION = 5.0;
				TARGETED_DEVICE_FAMILY = "1,2";
			};
			name = Release;
		};
/* End XCBuildConfiguration section */

/* Begin XCConfigurationList section */
		1C90D373297EC49D00112BBC /* Build configuration list for PBXProject "RealtimeSpeedmeter" */ = {
			isa = XCConfigurationList;
			buildConfigurations = (
				1C90D384297EC49E00112BBC /* Debug */,
				1C90D385297EC49E00112BBC /* Release */,
			);
			defaultConfigurationIsVisible = 0;
			defaultConfigurationName = Release;
		};
		1C90D386297EC49E00112BBC /* Build configuration list for PBXNativeTarget "RealtimeSpeedmeter" */ = {
			isa = XCConfigurationList;
			buildConfigurations = (
				1C90D387297EC49E00112BBC /* Debug */,
				1C90D388297EC49E00112BBC /* Release */,
			);
			defaultConfigurationIsVisible = 0;
			defaultConfigurationName = Release;
		};
/* End XCConfigurationList section */
	};
	rootObject = 1C90D370297EC49D00112BBC /* Project object */;
}
